// !$*UTF8*$!
{
	archiveVersion = 1;
	classes = {
	};
	objectVersion = 55;
	objects = {

/* Begin PBXBuildFile section */
		A4311926285B68770080DD7F /* firstViewController.swift in Sources */ = {isa = PBXBuildFile; fileRef = A4311925285B68760080DD7F /* firstViewController.swift */; };
		AE5770732859048700E8AB23 /* AppDelegate.swift in Sources */ = {isa = PBXBuildFile; fileRef = AE5770722859048700E8AB23 /* AppDelegate.swift */; };
		AE5770752859048700E8AB23 /* SceneDelegate.swift in Sources */ = {isa = PBXBuildFile; fileRef = AE5770742859048700E8AB23 /* SceneDelegate.swift */; };
		AE5770772859048700E8AB23 /* ViewController.swift in Sources */ = {isa = PBXBuildFile; fileRef = AE5770762859048700E8AB23 /* ViewController.swift */; };
		AE57707A2859048700E8AB23 /* Main.storyboard in Resources */ = {isa = PBXBuildFile; fileRef = AE5770782859048700E8AB23 /* Main.storyboard */; };
		AE57707D2859048700E8AB23 /* Greener.xcdatamodeld in Sources */ = {isa = PBXBuildFile; fileRef = AE57707B2859048700E8AB23 /* Greener.xcdatamodeld */; };
		AE57707F2859048C00E8AB23 /* Assets.xcassets in Resources */ = {isa = PBXBuildFile; fileRef = AE57707E2859048C00E8AB23 /* Assets.xcassets */; };
		AE5770822859048C00E8AB23 /* LaunchScreen.storyboard in Resources */ = {isa = PBXBuildFile; fileRef = AE5770802859048C00E8AB23 /* LaunchScreen.storyboard */; };
		AECF8F8F285BFBB2000C5C38 /* Points.swift in Sources */ = {isa = PBXBuildFile; fileRef = AECF8F8E285BFBB2000C5C38 /* Points.swift */; };
		AECF8F91285C5AC2000C5C38 /* UIFont.swift in Sources */ = {isa = PBXBuildFile; fileRef = AECF8F90285C5AC2000C5C38 /* UIFont.swift */; };
		AECF8F93285C7136000C5C38 /* RecyclingViewController.swift in Sources */ = {isa = PBXBuildFile; fileRef = AECF8F92285C7136000C5C38 /* RecyclingViewController.swift */; };
/* End PBXBuildFile section */

/* Begin PBXFileReference section */
		A4311925285B68760080DD7F /* firstViewController.swift */ = {isa = PBXFileReference; lastKnownFileType = sourcecode.swift; path = firstViewController.swift; sourceTree = "<group>"; };
		AE57706F2859048700E8AB23 /* Greener.app */ = {isa = PBXFileReference; explicitFileType = wrapper.application; includeInIndex = 0; path = Greener.app; sourceTree = BUILT_PRODUCTS_DIR; };
		AE5770722859048700E8AB23 /* AppDelegate.swift */ = {isa = PBXFileReference; lastKnownFileType = sourcecode.swift; path = AppDelegate.swift; sourceTree = "<group>"; };
		AE5770742859048700E8AB23 /* SceneDelegate.swift */ = {isa = PBXFileReference; lastKnownFileType = sourcecode.swift; path = SceneDelegate.swift; sourceTree = "<group>"; };
		AE5770762859048700E8AB23 /* ViewController.swift */ = {isa = PBXFileReference; lastKnownFileType = sourcecode.swift; path = ViewController.swift; sourceTree = "<group>"; };
		AE5770792859048700E8AB23 /* Base */ = {isa = PBXFileReference; lastKnownFileType = file.storyboard; name = Base; path = Base.lproj/Main.storyboard; sourceTree = "<group>"; };
		AE57707C2859048700E8AB23 /* Greener.xcdatamodel */ = {isa = PBXFileReference; lastKnownFileType = wrapper.xcdatamodel; path = Greener.xcdatamodel; sourceTree = "<group>"; };
		AE57707E2859048C00E8AB23 /* Assets.xcassets */ = {isa = PBXFileReference; lastKnownFileType = folder.assetcatalog; path = Assets.xcassets; sourceTree = "<group>"; };
		AE5770812859048C00E8AB23 /* Base */ = {isa = PBXFileReference; lastKnownFileType = file.storyboard; name = Base; path = Base.lproj/LaunchScreen.storyboard; sourceTree = "<group>"; };
		AE5770832859048C00E8AB23 /* Info.plist */ = {isa = PBXFileReference; lastKnownFileType = text.plist.xml; path = Info.plist; sourceTree = "<group>"; };
		AECF8F8E285BFBB2000C5C38 /* Points.swift */ = {isa = PBXFileReference; lastKnownFileType = sourcecode.swift; path = Points.swift; sourceTree = "<group>"; };
		AECF8F90285C5AC2000C5C38 /* UIFont.swift */ = {isa = PBXFileReference; lastKnownFileType = sourcecode.swift; path = UIFont.swift; sourceTree = "<group>"; };
		AECF8F92285C7136000C5C38 /* RecyclingViewController.swift */ = {isa = PBXFileReference; lastKnownFileType = sourcecode.swift; path = RecyclingViewController.swift; sourceTree = "<group>"; };
/* End PBXFileReference section */

/* Begin PBXFrameworksBuildPhase section */
		AE57706C2859048700E8AB23 /* Frameworks */ = {
			isa = PBXFrameworksBuildPhase;
			buildActionMask = 2147483647;
			files = (
			);
			runOnlyForDeploymentPostprocessing = 0;
		};
/* End PBXFrameworksBuildPhase section */

/* Begin PBXGroup section */
		AE5770662859048700E8AB23 = {
			isa = PBXGroup;
			children = (
				AE5770712859048700E8AB23 /* Greener */,
				AE5770702859048700E8AB23 /* Products */,
			);
			sourceTree = "<group>";
		};
		AE5770702859048700E8AB23 /* Products */ = {
			isa = PBXGroup;
			children = (
				AE57706F2859048700E8AB23 /* Greener.app */,
			);
			name = Products;
			sourceTree = "<group>";
		};
		AE5770712859048700E8AB23 /* Greener */ = {
			isa = PBXGroup;
			children = (
				AE5770722859048700E8AB23 /* AppDelegate.swift */,
				AE5770742859048700E8AB23 /* SceneDelegate.swift */,
				A4311925285B68760080DD7F /* firstViewController.swift */,
				AE5770762859048700E8AB23 /* ViewController.swift */,
				AECF8F8E285BFBB2000C5C38 /* Points.swift */,
				AECF8F90285C5AC2000C5C38 /* UIFont.swift */,
				AE5770782859048700E8AB23 /* Main.storyboard */,
				AECF8F92285C7136000C5C38 /* RecyclingViewController.swift */,
				AE57707E2859048C00E8AB23 /* Assets.xcassets */,
				AE5770802859048C00E8AB23 /* LaunchScreen.storyboard */,
				AE5770832859048C00E8AB23 /* Info.plist */,
				AE57707B2859048700E8AB23 /* Greener.xcdatamodeld */,
			);
			path = Greener;
			sourceTree = "<group>";
		};
/* End PBXGroup section */

/* Begin PBXNativeTarget section */
		AE57706E2859048700E8AB23 /* Greener */ = {
			isa = PBXNativeTarget;
			buildConfigurationList = AE5770862859048C00E8AB23 /* Build configuration list for PBXNativeTarget "Greener" */;
			buildPhases = (
				AE57706B2859048700E8AB23 /* Sources */,
				AE57706C2859048700E8AB23 /* Frameworks */,
				AE57706D2859048700E8AB23 /* Resources */,
			);
			buildRules = (
			);
			dependencies = (
			);
			name = Greener;
			productName = Greener;
			productReference = AE57706F2859048700E8AB23 /* Greener.app */;
			productType = "com.apple.product-type.application";
		};
/* End PBXNativeTarget section */

/* Begin PBXProject section */
		AE5770672859048700E8AB23 /* Project object */ = {
			isa = PBXProject;
			attributes = {
				BuildIndependentTargetsInParallel = 1;
				LastSwiftUpdateCheck = 1340;
				LastUpgradeCheck = 1340;
				TargetAttributes = {
					AE57706E2859048700E8AB23 = {
						CreatedOnToolsVersion = 13.4;
					};
				};
			};
			buildConfigurationList = AE57706A2859048700E8AB23 /* Build configuration list for PBXProject "Greener" */;
			compatibilityVersion = "Xcode 13.0";
			developmentRegion = en;
			hasScannedForEncodings = 0;
			knownRegions = (
				en,
				Base,
			);
			mainGroup = AE5770662859048700E8AB23;
			productRefGroup = AE5770702859048700E8AB23 /* Products */;
			projectDirPath = "";
			projectRoot = "";
			targets = (
				AE57706E2859048700E8AB23 /* Greener */,
			);
		};
/* End PBXProject section */

/* Begin PBXResourcesBuildPhase section */
		AE57706D2859048700E8AB23 /* Resources */ = {
			isa = PBXResourcesBuildPhase;
			buildActionMask = 2147483647;
			files = (
				AE5770822859048C00E8AB23 /* LaunchScreen.storyboard in Resources */,
				AE57707F2859048C00E8AB23 /* Assets.xcassets in Resources */,
				AE57707A2859048700E8AB23 /* Main.storyboard in Resources */,
			);
			runOnlyForDeploymentPostprocessing = 0;
		};
/* End PBXResourcesBuildPhase section */

/* Begin PBXSourcesBuildPhase section */
		AE57706B2859048700E8AB23 /* Sources */ = {
			isa = PBXSourcesBuildPhase;
			buildActionMask = 2147483647;
			files = (
				AE57707D2859048700E8AB23 /* Greener.xcdatamodeld in Sources */,
				A4311926285B68770080DD7F /* firstViewController.swift in Sources */,
				AE5770772859048700E8AB23 /* ViewController.swift in Sources */,
				AECF8F91285C5AC2000C5C38 /* UIFont.swift in Sources */,
				AE5770732859048700E8AB23 /* AppDelegate.swift in Sources */,
				AECF8F8F285BFBB2000C5C38 /* Points.swift in Sources */,
				AE5770752859048700E8AB23 /* SceneDelegate.swift in Sources */,
				AECF8F93285C7136000C5C38 /* RecyclingViewController.swift in Sources */,
			);
			runOnlyForDeploymentPostprocessing = 0;
		};
/* End PBXSourcesBuildPhase section */

/* Begin PBXVariantGroup section */
		AE5770782859048700E8AB23 /* Main.storyboard */ = {
			isa = PBXVariantGroup;
			children = (
				AE5770792859048700E8AB23 /* Base */,
			);
			name = Main.storyboard;
			sourceTree = "<group>";
		};
		AE5770802859048C00E8AB23 /* LaunchScreen.storyboard */ = {
			isa = PBXVariantGroup;
			children = (
				AE5770812859048C00E8AB23 /* Base */,
			);
			name = LaunchScreen.storyboard;
			sourceTree = "<group>";
		};
/* End PBXVariantGroup section */

/* Begin XCBuildConfiguration section */
		AE5770842859048C00E8AB23 /* Debug */ = {
			isa = XCBuildConfiguration;
			buildSettings = {
				ALWAYS_SEARCH_USER_PATHS = NO;
				CLANG_ANALYZER_NONNULL = YES;
				CLANG_ANALYZER_NUMBER_OBJECT_CONVERSION = YES_AGGRESSIVE;
				CLANG_CXX_LANGUAGE_STANDARD = "gnu++17";
				CLANG_ENABLE_MODULES = YES;
				CLANG_ENABLE_OBJC_ARC = YES;
				CLANG_ENABLE_OBJC_WEAK = YES;
				CLANG_WARN_BLOCK_CAPTURE_AUTORELEASING = YES;
				CLANG_WARN_BOOL_CONVERSION = YES;
				CLANG_WARN_COMMA = YES;
				CLANG_WARN_CONSTANT_CONVERSION = YES;
				CLANG_WARN_DEPRECATED_OBJC_IMPLEMENTATIONS = YES;
				CLANG_WARN_DIRECT_OBJC_ISA_USAGE = YES_ERROR;
				CLANG_WARN_DOCUMENTATION_COMMENTS = YES;
				CLANG_WARN_EMPTY_BODY = YES;
				CLANG_WARN_ENUM_CONVERSION = YES;
				CLANG_WARN_INFINITE_RECURSION = YES;
				CLANG_WARN_INT_CONVERSION = YES;
				CLANG_WARN_NON_LITERAL_NULL_CONVERSION = YES;
				CLANG_WARN_OBJC_IMPLICIT_RETAIN_SELF = YES;
				CLANG_WARN_OBJC_LITERAL_CONVERSION = YES;
				CLANG_WARN_OBJC_ROOT_CLASS = YES_ERROR;
				CLANG_WARN_QUOTED_INCLUDE_IN_FRAMEWORK_HEADER = YES;
				CLANG_WARN_RANGE_LOOP_ANALYSIS = YES;
				CLANG_WARN_STRICT_PROTOTYPES = YES;
				CLANG_WARN_SUSPICIOUS_MOVE = YES;
				CLANG_WARN_UNGUARDED_AVAILABILITY = YES_AGGRESSIVE;
				CLANG_WARN_UNREACHABLE_CODE = YES;
				CLANG_WARN__DUPLICATE_METHOD_MATCH = YES;
				COPY_PHASE_STRIP = NO;
				DEBUG_INFORMATION_FORMAT = dwarf;
				ENABLE_STRICT_OBJC_MSGSEND = YES;
				ENABLE_TESTABILITY = YES;
				GCC_C_LANGUAGE_STANDARD = gnu11;
				GCC_DYNAMIC_NO_PIC = NO;
				GCC_NO_COMMON_BLOCKS = YES;
				GCC_OPTIMIZATION_LEVEL = 0;
				GCC_PREPROCESSOR_DEFINITIONS = (
					"DEBUG=1",
					"$(inherited)",
				);
				GCC_WARN_64_TO_32_BIT_CONVERSION = YES;
				GCC_WARN_ABOUT_RETURN_TYPE = YES_ERROR;
				GCC_WARN_UNDECLARED_SELECTOR = YES;
				GCC_WARN_UNINITIALIZED_AUTOS = YES_AGGRESSIVE;
				GCC_WARN_UNUSED_FUNCTION = YES;
				GCC_WARN_UNUSED_VARIABLE = YES;
				IPHONEOS_DEPLOYMENT_TARGET = 15.5;
				MTL_ENABLE_DEBUG_INFO = INCLUDE_SOURCE;
				MTL_FAST_MATH = YES;
				ONLY_ACTIVE_ARCH = YES;
				SDKROOT = iphoneos;
				SWIFT_ACTIVE_COMPILATION_CONDITIONS = DEBUG;
				SWIFT_OPTIMIZATION_LEVEL = "-Onone";
			};
			name = Debug;
		};
		AE5770852859048C00E8AB23 /* Release */ = {
			isa = XCBuildConfiguration;
			buildSettings = {
				ALWAYS_SEARCH_USER_PATHS = NO;
				CLANG_ANALYZER_NONNULL = YES;
				CLANG_ANALYZER_NUMBER_OBJECT_CONVERSION = YES_AGGRESSIVE;
				CLANG_CXX_LANGUAGE_STANDARD = "gnu++17";
				CLANG_ENABLE_MODULES = YES;
				CLANG_ENABLE_OBJC_ARC = YES;
				CLANG_ENABLE_OBJC_WEAK = YES;
				CLANG_WARN_BLOCK_CAPTURE_AUTORELEASING = YES;
				CLANG_WARN_BOOL_CONVERSION = YES;
				CLANG_WARN_COMMA = YES;
				CLANG_WARN_CONSTANT_CONVERSION = YES;
				CLANG_WARN_DEPRECATED_OBJC_IMPLEMENTATIONS = YES;
				CLANG_WARN_DIRECT_OBJC_ISA_USAGE = YES_ERROR;
				CLANG_WARN_DOCUMENTATION_COMMENTS = YES;
				CLANG_WARN_EMPTY_BODY = YES;
				CLANG_WARN_ENUM_CONVERSION = YES;
				CLANG_WARN_INFINITE_RECURSION = YES;
				CLANG_WARN_INT_CONVERSION = YES;
				CLANG_WARN_NON_LITERAL_NULL_CONVERSION = YES;
				CLANG_WARN_OBJC_IMPLICIT_RETAIN_SELF = YES;
				CLANG_WARN_OBJC_LITERAL_CONVERSION = YES;
				CLANG_WARN_OBJC_ROOT_CLASS = YES_ERROR;
				CLANG_WARN_QUOTED_INCLUDE_IN_FRAMEWORK_HEADER = YES;
				CLANG_WARN_RANGE_LOOP_ANALYSIS = YES;
				CLANG_WARN_STRICT_PROTOTYPES = YES;
				CLANG_WARN_SUSPICIOUS_MOVE = YES;
				CLANG_WARN_UNGUARDED_AVAILABILITY = YES_AGGRESSIVE;
				CLANG_WARN_UNREACHABLE_CODE = YES;
				CLANG_WARN__DUPLICATE_METHOD_MATCH = YES;
				COPY_PHASE_STRIP = NO;
				DEBUG_INFORMATION_FORMAT = "dwarf-with-dsym";
				ENABLE_NS_ASSERTIONS = NO;
				ENABLE_STRICT_OBJC_MSGSEND = YES;
				GCC_C_LANGUAGE_STANDARD = gnu11;
				GCC_NO_COMMON_BLOCKS = YES;
				GCC_WARN_64_TO_32_BIT_CONVERSION = YES;
				GCC_WARN_ABOUT_RETURN_TYPE = YES_ERROR;
				GCC_WARN_UNDECLARED_SELECTOR = YES;
				GCC_WARN_UNINITIALIZED_AUTOS = YES_AGGRESSIVE;
				GCC_WARN_UNUSED_FUNCTION = YES;
				GCC_WARN_UNUSED_VARIABLE = YES;
				IPHONEOS_DEPLOYMENT_TARGET = 15.5;
				MTL_ENABLE_DEBUG_INFO = NO;
				MTL_FAST_MATH = YES;
				SDKROOT = iphoneos;
				SWIFT_COMPILATION_MODE = wholemodule;
				SWIFT_OPTIMIZATION_LEVEL = "-O";
				VALIDATE_PRODUCT = YES;
			};
			name = Release;
		};
		AE5770872859048C00E8AB23 /* Debug */ = {
			isa = XCBuildConfiguration;
			buildSettings = {
				ASSETCATALOG_COMPILER_APPICON_NAME = AppIcon;
				ASSETCATALOG_COMPILER_GLOBAL_ACCENT_COLOR_NAME = AccentColor;
				CODE_SIGN_STYLE = Automatic;
				CURRENT_PROJECT_VERSION = 1;
				GENERATE_INFOPLIST_FILE = YES;
				INFOPLIST_FILE = Greener/Info.plist;
				INFOPLIST_KEY_UIApplicationSupportsIndirectInputEvents = YES;
				INFOPLIST_KEY_UILaunchStoryboardName = LaunchScreen;
				INFOPLIST_KEY_UIMainStoryboardFile = Main;
				INFOPLIST_KEY_UISupportedInterfaceOrientations_iPad = "UIInterfaceOrientationPortrait UIInterfaceOrientationPortraitUpsideDown UIInterfaceOrientationLandscapeLeft UIInterfaceOrientationLandscapeRight";
				INFOPLIST_KEY_UISupportedInterfaceOrientations_iPhone = "UIInterfaceOrientationPortrait UIInterfaceOrientationLandscapeLeft UIInterfaceOrientationLandscapeRight";
				LD_RUNPATH_SEARCH_PATHS = (
					"$(inherited)",
					"@executable_path/Frameworks",
				);
				MARKETING_VERSION = 1.0;
				PRODUCT_BUNDLE_IDENTIFIER = JuliaWright.Greener;
				PRODUCT_NAME = "$(TARGET_NAME)";
				SWIFT_EMIT_LOC_STRINGS = YES;
				SWIFT_VERSION = 5.0;
				TARGETED_DEVICE_FAMILY = "1,2";
			};
			name = Debug;
		};
		AE5770882859048C00E8AB23 /* Release */ = {
			isa = XCBuildConfiguration;
			buildSettings = {
				ASSETCATALOG_COMPILER_APPICON_NAME = AppIcon;
				ASSETCATALOG_COMPILER_GLOBAL_ACCENT_COLOR_NAME = AccentColor;
				CODE_SIGN_STYLE = Automatic;
				CURRENT_PROJECT_VERSION = 1;
				GENERATE_INFOPLIST_FILE = YES;
				INFOPLIST_FILE = Greener/Info.plist;
				INFOPLIST_KEY_UIApplicationSupportsIndirectInputEvents = YES;
				INFOPLIST_KEY_UILaunchStoryboardName = LaunchScreen;
				INFOPLIST_KEY_UIMainStoryboardFile = Main;
				INFOPLIST_KEY_UISupportedInterfaceOrientations_iPad = "UIInterfaceOrientationPortrait UIInterfaceOrientationPortraitUpsideDown UIInterfaceOrientationLandscapeLeft UIInterfaceOrientationLandscapeRight";
				INFOPLIST_KEY_UISupportedInterfaceOrientations_iPhone = "UIInterfaceOrientationPortrait UIInterfaceOrientationLandscapeLeft UIInterfaceOrientationLandscapeRight";
				LD_RUNPATH_SEARCH_PATHS = (
					"$(inherited)",
					"@executable_path/Frameworks",
				);
				MARKETING_VERSION = 1.0;
				PRODUCT_BUNDLE_IDENTIFIER = JuliaWright.Greener;
				PRODUCT_NAME = "$(TARGET_NAME)";
				SWIFT_EMIT_LOC_STRINGS = YES;
				SWIFT_VERSION = 5.0;
				TARGETED_DEVICE_FAMILY = "1,2";
			};
			name = Release;
		};
/* End XCBuildConfiguration section */

/* Begin XCConfigurationList section */
		AE57706A2859048700E8AB23 /* Build configuration list for PBXProject "Greener" */ = {
			isa = XCConfigurationList;
			buildConfigurations = (
				AE5770842859048C00E8AB23 /* Debug */,
				AE5770852859048C00E8AB23 /* Release */,
			);
			defaultConfigurationIsVisible = 0;
			defaultConfigurationName = Release;
		};
		AE5770862859048C00E8AB23 /* Build configuration list for PBXNativeTarget "Greener" */ = {
			isa = XCConfigurationList;
			buildConfigurations = (
				AE5770872859048C00E8AB23 /* Debug */,
				AE5770882859048C00E8AB23 /* Release */,
			);
			defaultConfigurationIsVisible = 0;
			defaultConfigurationName = Release;
		};
/* End XCConfigurationList section */

/* Begin XCVersionGroup section */
		AE57707B2859048700E8AB23 /* Greener.xcdatamodeld */ = {
			isa = XCVersionGroup;
			children = (
				AE57707C2859048700E8AB23 /* Greener.xcdatamodel */,
			);
			currentVersion = AE57707C2859048700E8AB23 /* Greener.xcdatamodel */;
			path = Greener.xcdatamodeld;
			sourceTree = "<group>";
			versionGroupType = wrapper.xcdatamodel;
		};
/* End XCVersionGroup section */
	};
	rootObject = AE5770672859048700E8AB23 /* Project object */;
}
